<?xml version="1.0" encoding="UTF-8" standalone="yes" ?>
<CodeBlocks_project_file>
	<FileVersion major="1" minor="6" />
	<Project>
		<Option title="SFML chat" />
		<Option pch_mode="2" />
		<Option compiler="gcc" />
		<Build>
			<Target title="Debug">
				<Option output="bin/Debug/SFML chat" prefix_auto="1" extension_auto="1" />
				<Option object_output="obj/Debug/" />
				<Option type="1" />
				<Option compiler="gcc" />
				<Compiler>
					<Add option="-g" />
				</Compiler>
			</Target>
			<Target title="Release">
				<Option output="bin/Release/SFML chat" prefix_auto="1" extension_auto="1" />
				<Option object_output="obj/Release/" />
				<Option type="1" />
				<Option compiler="gcc" />
				<Compiler>
					<Add option="-O2" />
				</Compiler>
				<Linker>
					<Add option="-s" />
				</Linker>
			</Target>
		</Build>
		<Compiler>
			<Add option="-Wall" />
			<Add option="-fexceptions" />
			<Add directory="../puppieswar" />
		</Compiler>
		<Unit filename="../puppieswar/GameController.cpp" />
		<Unit filename="../puppieswar/NetworkProtocol.cpp" />
		<Unit filename="../puppieswar/NetworkProtocol.hpp" />
		<Unit filename="Client.cpp" />
		<Unit filename="Client.hpp" />
		<Unit filename="Generic.cpp" />
		<Unit filename="Generic.hpp" />
		<Unit filename="PostMan.cpp" />
		<Unit filename="PostMan.hpp" />
		<Unit filename="Server.cpp" />
		<Unit filename="Server.hpp" />
		<Unit filename="main.cpp" />
		<Extensions>
			<code_completion />
			<envvars />
			<debugger />
			<lib_finder disable_auto="1" />
		</Extensions>
	</Project>
</CodeBlocks_project_file>
